PODS:
  - device_calendar (0.0.1):
    - Flutter
  - Flutter (1.0.0)
  - flutter_native_timezone (0.0.1):
    - Flutter
  - flutter_tts (0.0.1):
    - Flutter
  - package_info_plus (0.4.5):
    - Flutter
  - shared_preferences_foundation (0.0.1):
    - Flutter
    - FlutterMacOS

DEPENDENCIES:
  - device_calendar (from `.symlinks/plugins/device_calendar/ios`)
  - Flutter (from `Flutter`)
  - flutter_native_timezone (from `.symlinks/plugins/flutter_native_timezone/ios`)
  - flutter_tts (from `.symlinks/plugins/flutter_tts/ios`)
  - package_info_plus (from `.symlinks/plugins/package_info_plus/ios`)
  - shared_preferences_foundation (from `.symlinks/plugins/shared_preferences_foundation/darwin`)

EXTERNAL SOURCES:
  device_calendar:
    :path: ".symlinks/plugins/device_calendar/ios"
  Flutter:
    :path: Flutter
  flutter_native_timezone:
    :path: ".symlinks/plugins/flutter_native_timezone/ios"
  flutter_tts:
    :path: ".symlinks/plugins/flutter_tts/ios"
  package_info_plus:
    :path: ".symlinks/plugins/package_info_plus/ios"
  shared_preferences_foundation:
    :path: ".symlinks/plugins/shared_preferences_foundation/darwin"

SPEC CHECKSUMS:
  device_calendar: 9cb33f88a02e19652ec7b8b122ca778f751b1f7b
  Flutter: e0871f40cf51350855a761d2e70bf5af5b9b5de7
  flutter_native_timezone: 5f05b2de06c9776b4cc70e1839f03de178394d22
  flutter_tts: 0f492aab6accf87059b72354fcb4ba934304771d
  package_info_plus: 58f0028419748fad15bf008b270aaa8e54380b1c
  shared_preferences_foundation: fcdcbc04712aee1108ac7fda236f363274528f78

PODFILE CHECKSUM: 819463e6a0290f5a72f145ba7cde16e8b6ef0796

COCOAPODS: 1.15.2
